[0m[1mmodule.fcs_account_us_west_1.data.crowdstrike_cloud_aws_account.target: Reading...[0m[0m
[0m[1mmodule.fcs_account_us_east_2.data.crowdstrike_cloud_aws_account.target: Reading...[0m[0m
[0m[1mmodule.fcs_account_onboarding.data.crowdstrike_cloud_aws_account.target: Reading...[0m[0m
[0m[1mcrowdstrike_cloud_aws_account.this: Refreshing state...[0m
[0m[1mmodule.fcs_account_us_west_2.data.crowdstrike_cloud_aws_account.target: Reading...[0m[0m
[0m[1mmodule.fcs_account_onboarding.data.aws_region.current: Reading...[0m[0m
[0m[1mmodule.fcs_account_onboarding.data.aws_region.current: Read complete after 0s [id=us-east-1][0m
[0m[1mmodule.fcs_account_onboarding.module.dspm_roles[0].data.aws_caller_identity.current: Reading...[0m[0m
[0m[1mmodule.fcs_account_onboarding.module.dspm_roles[0].data.aws_iam_policy_document.crowdstrike_cloud_scan_supplemental_data: Reading...[0m[0m
[0m[1mmodule.fcs_account_onboarding.module.dspm_roles[0].data.aws_iam_policy_document.crowdstrike_cloud_scan_supplemental_data: Read complete after 0s [id=1844997401][0m
[0m[1mmodule.fcs_account_onboarding.module.dspm_roles[0].aws_iam_role.crowdstrike_aws_dspm_scanner_role: Refreshing state... [id=cs-dspm-scanner-cspm][0m
[0m[1mmodule.fcs_account_onboarding.module.dspm_roles[0].data.aws_caller_identity.current: Read complete after 0s [id=260362687268][0m
[0m[1mmodule.fcs_account_onboarding.module.dspm_roles[0].aws_iam_instance_profile.instance_profile: Refreshing state... [id=CrowdStrikeScannerRoleProfile][0m
[0m[1mmodule.fcs_account_onboarding.module.dspm_roles[0].aws_secretsmanager_secret.client_secrets: Refreshing state... [id=arn:aws:secretsmanager:us-east-1:260362687268:secret:CrowdStrikeDSPMClientSecret-HcNSjs][0m
[0m[1mmodule.fcs_account_onboarding.module.dspm_roles[0].data.aws_iam_policy_document.crowdstrike_redshift_clone: Reading...[0m[0m
[0m[1mmodule.fcs_account_onboarding.module.dspm_roles[0].data.aws_iam_policy_document.crowdstrike_redshift_clone: Read complete after 0s [id=3783257072][0m
[0m[1mmodule.fcs_account_onboarding.module.dspm_roles[0].data.aws_iam_policy_document.crowdstrike_run_data_scanner_restricted_data: Reading...[0m[0m
[0m[1mmodule.fcs_account_onboarding.module.dspm_roles[0].data.aws_iam_policy_document.crowdstrike_run_data_scanner_restricted_data: Read complete after 0s [id=3728319145][0m
[0m[1mmodule.fcs_account_onboarding.module.dspm_roles[0].data.aws_iam_policy_document.crowdstrike_rds_clone_data: Reading...[0m[0m
[0m[1mmodule.fcs_account_onboarding.module.dspm_roles[0].data.aws_iam_policy_document.crowdstrike_rds_clone_data: Read complete after 0s [id=368852772][0m
[0m[1mmodule.fcs_account_us_east_2.data.aws_region.current: Reading...[0m[0m
[0m[1mmodule.fcs_account_us_east_2.data.aws_region.current: Read complete after 0s [id=us-east-2][0m
[0m[1mmodule.fcs_account_us_west_1.data.aws_region.current: Reading...[0m[0m
[0m[1mmodule.fcs_account_us_west_1.data.aws_region.current: Read complete after 0s [id=us-west-1][0m
[0m[1mmodule.fcs_account_us_west_2.data.aws_region.current: Reading...[0m[0m
[0m[1mmodule.fcs_account_us_west_2.data.aws_region.current: Read complete after 0s [id=us-west-2][0m
[0m[1mmodule.fcs_account_us_west_1.data.crowdstrike_cloud_aws_account.target: Read complete after 3s[0m
[0m[1mmodule.fcs_account_us_east_2.data.crowdstrike_cloud_aws_account.target: Read complete after 3s[0m
[0m[1mmodule.fcs_account_us_west_1.module.realtime_visibility[0].data.aws_region.current: Reading...[0m[0m
[0m[1mmodule.fcs_account_us_west_1.module.realtime_visibility[0].data.aws_region.current: Read complete after 0s [id=us-west-1][0m
[0m[1mmodule.fcs_account_us_west_1.module.realtime_visibility[0].data.aws_partition.current: Reading...[0m[0m
[0m[1mmodule.fcs_account_us_east_2.module.realtime_visibility[0].data.aws_caller_identity.current: Reading...[0m[0m
[0m[1mmodule.fcs_account_us_east_2.module.realtime_visibility[0].data.aws_partition.current: Reading...[0m[0m
[0m[1mmodule.fcs_account_us_west_1.module.realtime_visibility[0].data.aws_partition.current: Read complete after 0s [id=aws][0m
[0m[1mmodule.fcs_account_us_west_1.module.realtime_visibility[0].data.aws_caller_identity.current: Reading...[0m[0m
[0m[1mmodule.fcs_account_us_east_2.module.realtime_visibility[0].data.aws_partition.current: Read complete after 0s [id=aws][0m
[0m[1mmodule.fcs_account_us_west_1.module.realtime_visibility[0].random_string.suffix: Refreshing state... [id=0enxvh8b][0m
[0m[1mmodule.fcs_account_us_east_2.module.realtime_visibility[0].data.aws_region.current: Reading...[0m[0m
[0m[1mmodule.fcs_account_us_east_2.module.realtime_visibility[0].data.aws_region.current: Read complete after 0s [id=us-east-2][0m
[0m[1mmodule.fcs_account_us_west_1.module.realtime_visibility[0].aws_cloudwatch_event_rule.rw[0]: Refreshing state... [id=cs-cloudtrail-events-ioa-rule][0m
[0m[1mmodule.fcs_account_us_west_1.module.realtime_visibility[0].aws_cloudwatch_event_rule.ro[0]: Refreshing state... [id=cs-cloudtrail-events-readonly-rule][0m
[0m[1mmodule.fcs_account_us_east_2.module.realtime_visibility[0].random_string.suffix: Refreshing state... [id=1m6bqq8i][0m
[0m[1mmodule.fcs_account_us_east_2.module.realtime_visibility[0].aws_cloudwatch_event_rule.rw[0]: Refreshing state... [id=cs-cloudtrail-events-ioa-rule][0m
[0m[1mmodule.fcs_account_us_east_2.module.realtime_visibility[0].aws_cloudwatch_event_rule.ro[0]: Refreshing state... [id=cs-cloudtrail-events-readonly-rule][0m
[0m[1mmodule.fcs_account_onboarding.data.crowdstrike_cloud_aws_account.target: Read complete after 3s[0m
[0m[1mmodule.fcs_account_us_west_2.data.crowdstrike_cloud_aws_account.target: Read complete after 3s[0m
[0m[1mmodule.fcs_account_onboarding.module.sensor_management[0].aws_cloudwatch_log_group.crowdstrike_sensor_management: Refreshing state... [id=/aws/lambda/cs-horizon-sensor-installation-orchestrator][0m
[0m[1mmodule.fcs_account_onboarding.module.sensor_management[0].aws_secretsmanager_secret.this: Refreshing state... [id=arn:aws:secretsmanager:us-east-1:260362687268:secret:/CrowdStrike/CSPM/SensorManagement/FalconAPICredentials-uU8zJk][0m
[0m[1mmodule.fcs_account_us_east_2.module.realtime_visibility[0].data.aws_caller_identity.current: Read complete after 0s [id=260362687268][0m
[0m[1mmodule.fcs_account_onboarding.module.sensor_management[0].data.aws_caller_identity.current: Reading...[0m[0m
[0m[1mmodule.fcs_account_us_west_1.module.realtime_visibility[0].data.aws_caller_identity.current: Read complete after 0s [id=260362687268][0m
[0m[1mmodule.fcs_account_onboarding.module.sensor_management[0].data.aws_region.current: Reading...[0m[0m
[0m[1mmodule.fcs_account_onboarding.module.sensor_management[0].data.aws_region.current: Read complete after 0s [id=us-east-1][0m
[0m[1mmodule.fcs_account_onboarding.module.sensor_management[0].data.aws_iam_policy_document.orchestrator: Reading...[0m[0m
[0m[1mmodule.fcs_account_onboarding.module.sensor_management[0].data.aws_iam_policy_document.orchestrator: Read complete after 0s [id=2690255455][0m
[0m[1mmodule.fcs_account_onboarding.module.sensor_management[0].data.aws_partition.current: Reading...[0m[0m
[0m[1mmodule.fcs_account_onboarding.module.sensor_management[0].data.aws_partition.current: Read complete after 0s [id=aws][0m
[0m[1mmodule.fcs_account_onboarding.module.asset_inventory[0].data.aws_caller_identity.current: Reading...[0m[0m
[0m[1mmodule.fcs_account_onboarding.module.sensor_management[0].data.aws_caller_identity.current: Read complete after 0s [id=260362687268][0m
[0m[1mmodule.fcs_account_onboarding.module.realtime_visibility[0].data.aws_region.current: Reading...[0m[0m
[0m[1mmodule.fcs_account_onboarding.module.realtime_visibility[0].data.aws_region.current: Read complete after 0s [id=us-east-1][0m
[0m[1mmodule.fcs_account_onboarding.module.realtime_visibility[0].data.aws_caller_identity.current: Reading...[0m[0m
[0m[1mmodule.fcs_account_onboarding.module.asset_inventory[0].data.aws_caller_identity.current: Read complete after 0s [id=260362687268][0m
[0m[1mmodule.fcs_account_onboarding.module.asset_inventory[0].data.aws_partition.current: Reading...[0m[0m
[0m[1mmodule.fcs_account_onboarding.module.asset_inventory[0].data.aws_partition.current: Read complete after 0s [id=aws][0m
[0m[1mmodule.fcs_account_onboarding.module.realtime_visibility[0].data.aws_partition.current: Reading...[0m[0m
[0m[1mmodule.fcs_account_onboarding.module.realtime_visibility[0].data.aws_partition.current: Read complete after 0s [id=aws][0m
[0m[1mmodule.fcs_account_onboarding.module.realtime_visibility[0].random_string.suffix: Refreshing state... [id=9hvkxmuj][0m
[0m[1mmodule.fcs_account_onboarding.module.realtime_visibility[0].aws_cloudwatch_event_rule.ro[0]: Refreshing state... [id=cs-cloudtrail-events-readonly-rule][0m
[0m[1mmodule.fcs_account_onboarding.module.realtime_visibility[0].data.aws_caller_identity.current: Read complete after 0s [id=260362687268][0m
[0m[1mmodule.fcs_account_onboarding.module.realtime_visibility[0].aws_cloudwatch_event_rule.rw[0]: Refreshing state... [id=cs-cloudtrail-events-ioa-rule][0m
[0m[1mmodule.fcs_account_us_west_2.module.realtime_visibility[0].data.aws_partition.current: Reading...[0m[0m
[0m[1mmodule.fcs_account_us_west_2.module.realtime_visibility[0].data.aws_partition.current: Read complete after 0s [id=aws][0m
[0m[1mmodule.fcs_account_us_west_2.module.realtime_visibility[0].data.aws_caller_identity.current: Reading...[0m[0m
[0m[1mmodule.fcs_account_us_west_2.module.realtime_visibility[0].data.aws_region.current: Reading...[0m[0m
[0m[1mmodule.fcs_account_us_west_2.module.realtime_visibility[0].data.aws_region.current: Read complete after 0s [id=us-west-2][0m
[0m[1mmodule.fcs_account_us_west_2.module.realtime_visibility[0].random_string.suffix: Refreshing state... [id=96n48t9x][0m
[0m[1mmodule.fcs_account_onboarding.module.dspm_roles[0].data.aws_iam_policy_document.assume_role: Reading...[0m[0m
[0m[1mmodule.fcs_account_onboarding.module.dspm_roles[0].data.aws_iam_policy_document.assume_role: Read complete after 0s [id=572685507][0m
[0m[1mmodule.fcs_account_onboarding.module.asset_inventory[0].data.aws_iam_policy_document.this: Reading...[0m[0m
[0m[1mmodule.fcs_account_onboarding.module.asset_inventory[0].data.aws_iam_policy_document.this: Read complete after 0s [id=572685507][0m
[0m[1mmodule.fcs_account_onboarding.module.sensor_management[0].data.aws_iam_policy_document.management: Reading...[0m[0m
[0m[1mmodule.fcs_account_onboarding.module.sensor_management[0].data.aws_iam_policy_document.management: Read complete after 0s [id=572685507][0m
[0m[1mmodule.fcs_account_onboarding.module.sensor_management[0].aws_iam_role.orchestrator: Refreshing state... [id=cs-SensorManagementOrchestrator-cspm][0m
[0m[1mmodule.fcs_account_onboarding.module.dspm_roles[0].aws_secretsmanager_secret_version.client_secrets_version: Refreshing state... [id=arn:aws:secretsmanager:us-east-1:260362687268:secret:CrowdStrikeDSPMClientSecret-HcNSjs|terraform-20250730144220591400000004][0m
[0m[1mmodule.fcs_account_us_west_2.module.realtime_visibility[0].data.aws_caller_identity.current: Read complete after 0s [id=260362687268][0m
[0m[1mmodule.fcs_account_us_west_2.module.realtime_visibility[0].aws_cloudwatch_event_rule.ro[0]: Refreshing state... [id=cs-cloudtrail-events-readonly-rule][0m
[0m[1mmodule.fcs_account_us_west_2.module.realtime_visibility[0].aws_cloudwatch_event_rule.rw[0]: Refreshing state... [id=cs-cloudtrail-events-ioa-rule][0m
[0m[1mmodule.fcs_account_onboarding.module.dspm_roles[0].aws_iam_role_policy.crowdstrike_redshift_reader: Refreshing state... [id=cs-dspm-scanner-cspm:CrowdStrikeRedshiftReader][0m
[0m[1mmodule.fcs_account_onboarding.module.dspm_roles[0].aws_iam_role_policy_attachment.cloud_watch_logs_read_only_access: Refreshing state... [id=cs-dspm-scanner-cspm/arn:aws:iam::aws:policy/CloudWatchLogsReadOnlyAccess][0m
[0m[1mmodule.fcs_account_onboarding.module.dspm_roles[0].aws_iam_role_policy.crowdstrike_logs_reader: Refreshing state... [id=cs-dspm-scanner-cspm:CrowdStrikeLogsReader][0m
[0m[1mmodule.fcs_account_onboarding.module.dspm_roles[0].aws_iam_role_policy.crowdstrike_dynamodb_reader: Refreshing state... [id=cs-dspm-scanner-cspm:CrowdStrikeDynamoDBReader][0m
[0m[1mmodule.fcs_account_onboarding.module.dspm_roles[0].aws_iam_role_policy.crowdstrike_secret_reader: Refreshing state... [id=cs-dspm-scanner-cspm:CrowdStrikeSecretReader][0m
[0m[1mmodule.fcs_account_onboarding.module.dspm_roles[0].aws_iam_role_policy_attachment.amazon_ssm_managed_instance_core: Refreshing state... [id=cs-dspm-scanner-cspm/arn:aws:iam::aws:policy/AmazonSSMManagedInstanceCore][0m
[0m[1mmodule.fcs_account_onboarding.module.dspm_roles[0].aws_iam_role_policy.crowdstrike_bucket_reader: Refreshing state... [id=cs-dspm-scanner-cspm:CrowdStrikeBucketReader][0m
[0m[1mmodule.fcs_account_us_east_2.module.dspm_environments[0].aws_iam_role_policy.vpc_policy: Refreshing state... [id=cs-dspm-integration-cspm:RunDataScanner-us-east-2-vpc-0fd288e1767b49aab][0m
[0m[1mmodule.fcs_account_us_east_2.module.dspm_environments[0].data.aws_availability_zones.available: Reading...[0m[0m
[0m[1mmodule.fcs_account_us_east_2.module.dspm_environments[0].data.aws_caller_identity.current: Reading...[0m[0m
[0m[1mmodule.fcs_account_us_east_2.module.dspm_environments[0].data.aws_region.current: Reading...[0m[0m
[0m[1mmodule.fcs_account_us_east_2.module.dspm_environments[0].data.aws_region.current: Read complete after 0s [id=us-east-2][0m
[0m[1mmodule.fcs_account_onboarding.module.dspm_roles[0].aws_iam_role.crowdstrike_aws_dspm_integration_role: Refreshing state... [id=cs-dspm-integration-cspm][0m
[0m[1mmodule.fcs_account_onboarding.module.asset_inventory[0].aws_iam_role.this[0]: Refreshing state... [id=cs-reader-role-cspm][0m
[0m[1mmodule.fcs_account_us_east_2.module.dspm_environments[0].data.aws_caller_identity.current: Read complete after 0s [id=260362687268][0m
[0m[1mmodule.fcs_account_onboarding.module.sensor_management[0].aws_iam_role.management: Refreshing state... [id=cs-SensorManagement-cspm][0m
[0m[1mmodule.fcs_account_onboarding.module.sensor_management[0].aws_secretsmanager_secret_version.this: Refreshing state... [id=arn:aws:secretsmanager:us-east-1:260362687268:secret:/CrowdStrike/CSPM/SensorManagement/FalconAPICredentials-uU8zJk|terraform-20250730144219303200000003][0m
[0m[1mmodule.fcs_account_onboarding.module.realtime_visibility[0].aws_iam_role.eventbridge[0]: Refreshing state... [id=cs-eventbridge-role-cspm][0m
[0m[1mmodule.fcs_account_us_east_2.module.dspm_environments[0].aws_eip.elastic_ip_address: Refreshing state... [id=eipalloc-02e013aed2f026cdd][0m
[0m[1mmodule.fcs_account_us_east_2.module.dspm_environments[0].aws_vpc.vpc: Refreshing state... [id=vpc-0fd288e1767b49aab][0m
[0m[1mmodule.fcs_account_us_east_2.module.realtime_visibility[0].aws_cloudwatch_event_target.ro[0]: Refreshing state... [id=cs-cloudtrail-events-readonly-rule-CrowdStrikeCentralizeEvents][0m
[0m[1mmodule.fcs_account_us_east_2.module.realtime_visibility[0].aws_cloudwatch_event_target.rw[0]: Refreshing state... [id=cs-cloudtrail-events-ioa-rule-CrowdStrikeCentralizeEvents][0m
[0m[1mmodule.fcs_account_us_west_1.module.realtime_visibility[0].aws_cloudwatch_event_target.ro[0]: Refreshing state... [id=cs-cloudtrail-events-readonly-rule-CrowdStrikeCentralizeEvents][0m
[0m[1mmodule.fcs_account_us_west_1.module.realtime_visibility[0].aws_cloudwatch_event_target.rw[0]: Refreshing state... [id=cs-cloudtrail-events-ioa-rule-CrowdStrikeCentralizeEvents][0m
[0m[1mmodule.fcs_account_us_east_2.module.dspm_environments[0].data.aws_availability_zones.available: Read complete after 1s [id=us-east-2][0m
[0m[1mmodule.fcs_account_onboarding.module.sensor_management[0].aws_iam_role_policy.orchestrator: Refreshing state... [id=cs-SensorManagementOrchestrator-cspm:sensor-management-orchestrator-lambda-ssm-send-command][0m
[0m[1mmodule.fcs_account_onboarding.module.sensor_management[0].aws_lambda_function.this: Refreshing state... [id=cs-horizon-sensor-installation-orchestrator][0m
[0m[1mmodule.fcs_account_onboarding.module.realtime_visibility[0].aws_cloudwatch_event_target.ro[0]: Refreshing state... [id=cs-cloudtrail-events-readonly-rule-CrowdStrikeCentralizeEvents][0m
[0m[1mmodule.fcs_account_onboarding.module.realtime_visibility[0].aws_cloudwatch_event_target.rw[0]: Refreshing state... [id=cs-cloudtrail-events-ioa-rule-CrowdStrikeCentralizeEvents][0m
[0m[1mmodule.fcs_account_onboarding.module.asset_inventory[0].aws_iam_role_policy.this[0]: Refreshing state... [id=cs-reader-role-cspm:cspm_config][0m
[0m[1mmodule.fcs_account_onboarding.module.asset_inventory[0].aws_iam_role_policy_attachment.this[0]: Refreshing state... [id=cs-reader-role-cspm/arn:aws:iam::aws:policy/SecurityAudit][0m
[0m[1mmodule.fcs_account_us_west_2.module.realtime_visibility[0].aws_cloudwatch_event_target.rw[0]: Refreshing state... [id=cs-cloudtrail-events-ioa-rule-CrowdStrikeCentralizeEvents][0m
[0m[1mmodule.fcs_account_us_west_2.module.realtime_visibility[0].aws_cloudwatch_event_target.ro[0]: Refreshing state... [id=cs-cloudtrail-events-readonly-rule-CrowdStrikeCentralizeEvents][0m
[0m[1mmodule.fcs_account_onboarding.module.sensor_management[0].aws_iam_role_policy.invoke_lambda: Refreshing state... [id=cs-SensorManagement-cspm:sensor-management-invoke-orchestrator-lambda][0m
[0m[1mmodule.fcs_account_onboarding.module.realtime_visibility[0].aws_iam_role_policy.inline_policy[0]: Refreshing state... [id=cs-eventbridge-role-cspm:eventbridge-put-events][0m
[0m[1mmodule.fcs_account_onboarding.module.dspm_roles[0].aws_iam_role_policy.crowdstrike_cloud_scan_supplemental: Refreshing state... [id=cs-dspm-integration-cspm:CrowdStrikeCloudScanSupplemental][0m
[0m[1mmodule.fcs_account_onboarding.module.dspm_roles[0].aws_iam_role_policy.crowdstrike_rds_clone: Refreshing state... [id=cs-dspm-integration-cspm:CrowdStrikeRDSClone][0m
[0m[1mmodule.fcs_account_onboarding.module.dspm_roles[0].aws_iam_role_policy_attachment.security_audit: Refreshing state... [id=cs-dspm-integration-cspm/arn:aws:iam::aws:policy/SecurityAudit][0m
[0m[1mmodule.fcs_account_onboarding.module.dspm_roles[0].aws_iam_role_policy.crowdstrike_run_data_scanner_restricted: Refreshing state... [id=cs-dspm-integration-cspm:CrowdStrikeRunDataScannerRestricted][0m
[0m[1mmodule.fcs_account_onboarding.module.dspm_roles[0].aws_iam_role_policy.crowdstrike_redshift_clone: Refreshing state... [id=cs-dspm-integration-cspm:CrowdStrikeRedshiftClone][0m
[0m[1mmodule.fcs_account_us_east_2.module.dspm_environments[0].data.aws_iam_policy_document.policy_kms_key: Reading...[0m[0m
[0m[1mmodule.fcs_account_us_east_2.module.dspm_environments[0].data.aws_iam_policy_document.policy_kms_key: Read complete after 0s [id=279984064][0m
[0m[1mmodule.fcs_account_us_east_2.module.dspm_environments[0].aws_kms_key.crowdstrike_kms_key: Refreshing state... [id=6f1664a0-6dd9-4a55-b2bc-edba65811238][0m
[0m[1mmodule.fcs_account_onboarding.module.dspm_environments[0].aws_iam_role_policy.vpc_policy: Refreshing state... [id=cs-dspm-integration-cspm:RunDataScanner-us-east-1-vpc-0bb20fec929008927][0m
[0m[1mmodule.fcs_account_onboarding.module.dspm_environments[0].aws_vpc.vpc: Refreshing state... [id=vpc-0bb20fec929008927][0m
[0m[1mmodule.fcs_account_onboarding.module.dspm_environments[0].aws_eip.elastic_ip_address: Refreshing state... [id=eipalloc-070afca50e1ada0da][0m
[0m[1mmodule.fcs_account_onboarding.module.dspm_environments[0].aws_kms_key.crowdstrike_kms_key: Refreshing state... [id=e8242bdf-b983-43cc-933f-5a3aa65a2888][0m
[0m[1mmodule.fcs_account_us_east_2.module.dspm_environments[0].aws_subnet.db_subnet_a: Refreshing state... [id=subnet-035d3b458a077485b][0m
[0m[1mmodule.fcs_account_us_east_2.module.dspm_environments[0].aws_internet_gateway.internet_gateway: Refreshing state... [id=igw-016bb935903910e0c][0m
[0m[1mmodule.fcs_account_us_east_2.module.dspm_environments[0].aws_subnet.private_subnet: Refreshing state... [id=subnet-0ab57035b3253609a][0m
[0m[1mmodule.fcs_account_us_east_2.module.dspm_environments[0].aws_subnet.public_subnet: Refreshing state... [id=subnet-0d8f2bfe59ce1f87d][0m
[0m[1mmodule.fcs_account_us_east_2.module.dspm_environments[0].aws_subnet.db_subnet_b: Refreshing state... [id=subnet-0bd72cb1c38e24f7d][0m
[0m[1mmodule.fcs_account_us_east_2.module.dspm_environments[0].aws_security_group.ec2_security_group: Refreshing state... [id=sg-0050b59f5f1148900][0m
[0m[1mmodule.fcs_account_us_east_2.module.dspm_environments[0].aws_route_table.public_route_table: Refreshing state... [id=rtb-06a0fe2f8637b559b][0m
[0m[1mmodule.fcs_account_us_east_2.module.dspm_environments[0].aws_kms_alias.crowdstrike_key_alias: Refreshing state... [id=alias/CrowdStrikeDSPMKey][0m
[0m[1mmodule.fcs_account_us_east_2.module.dspm_environments[0].aws_nat_gateway.nat_gateway: Refreshing state... [id=nat-037c16298983d1965][0m
[0m[1mmodule.fcs_account_onboarding.module.dspm_environments[0].aws_kms_alias.crowdstrike_key_alias: Refreshing state... [id=alias/CrowdStrikeDSPMKey][0m
[0m[1mmodule.fcs_account_us_east_2.module.dspm_environments[0].aws_security_group.db_security_group: Refreshing state... [id=sg-06c47a53737617224][0m
[0m[1mmodule.fcs_account_us_east_2.module.dspm_environments[0].aws_redshift_subnet_group.redshift_subnet_group: Refreshing state... [id=dspm-environment-redshift-subnet-group][0m
[0m[1mmodule.fcs_account_us_east_2.module.dspm_environments[0].aws_db_subnet_group.db_subnet_group: Refreshing state... [id=dspm-environment-db-subnet-group][0m
[0m[1mmodule.fcs_account_us_east_2.module.dspm_environments[0].aws_route_table_association.public_subnet_route_table_association: Refreshing state... [id=rtbassoc-07fc654cf9eb4a39d][0m
[0m[1mmodule.fcs_account_us_east_2.module.dspm_environments[0].aws_route_table.private_route_table: Refreshing state... [id=rtb-0fe548d882cac0c6f][0m
[0m[1mmodule.fcs_account_us_east_2.module.dspm_environments[0].aws_route_table_association.private_subnet_route_table_association: Refreshing state... [id=rtbassoc-07d5bbfeaef1b2bb7][0m
[0m[1mmodule.fcs_account_onboarding.module.dspm_environments[0].aws_subnet.db_subnet_a: Refreshing state... [id=subnet-07ab21d991cb5e8be][0m
[0m[1mmodule.fcs_account_onboarding.module.dspm_environments[0].aws_internet_gateway.internet_gateway: Refreshing state... [id=igw-022de8945f634c766][0m
[0m[1mmodule.fcs_account_onboarding.module.dspm_environments[0].aws_subnet.db_subnet_b: Refreshing state... [id=subnet-08085d9446ec3740e][0m
[0m[1mmodule.fcs_account_onboarding.module.dspm_environments[0].aws_subnet.public_subnet: Refreshing state... [id=subnet-00897f4d9c2d0bd73][0m
[0m[1mmodule.fcs_account_onboarding.module.dspm_environments[0].aws_security_group.ec2_security_group: Refreshing state... [id=sg-00ebd063264f71d97][0m
[0m[1mmodule.fcs_account_onboarding.module.dspm_environments[0].aws_subnet.private_subnet: Refreshing state... [id=subnet-0d702d27eb5ec3dfa][0m
[0m[1mmodule.fcs_account_onboarding.module.dspm_environments[0].aws_route_table.public_route_table: Refreshing state... [id=rtb-0f6797791ab8071f0][0m
[0m[1mmodule.fcs_account_onboarding.module.dspm_environments[0].aws_nat_gateway.nat_gateway: Refreshing state... [id=nat-094578dc1bdf26a2c][0m
[0m[1mmodule.fcs_account_onboarding.module.dspm_environments[0].aws_route_table_association.public_subnet_route_table_association: Refreshing state... [id=rtbassoc-0869832ee00eefbb2][0m
[0m[1mmodule.fcs_account_onboarding.module.dspm_environments[0].aws_security_group.db_security_group: Refreshing state... [id=sg-0de1a99b05744aa7d][0m
[0m[1mmodule.fcs_account_onboarding.module.dspm_environments[0].aws_route_table.private_route_table: Refreshing state... [id=rtb-0a0b52ffb5a3d4e01][0m
[0m[1mmodule.fcs_account_onboarding.module.dspm_environments[0].aws_redshift_subnet_group.redshift_subnet_group: Refreshing state... [id=dspm-environment-redshift-subnet-group][0m
[0m[1mmodule.fcs_account_onboarding.module.dspm_environments[0].aws_db_subnet_group.db_subnet_group: Refreshing state... [id=dspm-environment-db-subnet-group][0m
[0m[1mmodule.fcs_account_onboarding.module.dspm_environments[0].aws_route_table_association.private_subnet_route_table_association: Refreshing state... [id=rtbassoc-04aba6e5f147aeb4b][0m

Terraform used the selected providers to generate the following execution
plan. Resource actions are indicated with the following symbols:
  [32m+[0m create[0m
  [33m~[0m update in-place[0m
  [31m-[0m destroy[0m
 [36m<=[0m read (data resources)[0m

Terraform will perform the following actions:

[1m  # module.fcs_account_onboarding.module.dspm_environments[0].data.aws_availability_zones.available[0m will be read during apply
  # (depends on a resource or a module with changes pending)
[0m [36m<=[0m[0m data "aws_availability_zones" "available" {
      [32m+[0m[0m group_names = (known after apply)
      [32m+[0m[0m id          = (known after apply)
      [32m+[0m[0m names       = (known after apply)
      [32m+[0m[0m region      = (known after apply)
      [32m+[0m[0m state       = "available"
      [32m+[0m[0m zone_ids    = (known after apply)
    }

[1m  # module.fcs_account_onboarding.module.dspm_environments[0].data.aws_caller_identity.current[0m will be read during apply
  # (depends on a resource or a module with changes pending)
[0m [36m<=[0m[0m data "aws_caller_identity" "current" {
      [32m+[0m[0m account_id = (known after apply)
      [32m+[0m[0m arn        = (known after apply)
      [32m+[0m[0m id         = (known after apply)
      [32m+[0m[0m user_id    = (known after apply)
    }

[1m  # module.fcs_account_onboarding.module.dspm_environments[0].data.aws_iam_policy_document.policy_kms_key[0m will be read during apply
  # (config refers to values not yet known)
[0m [36m<=[0m[0m data "aws_iam_policy_document" "policy_kms_key" {
      [32m+[0m[0m id            = (known after apply)
      [32m+[0m[0m json          = (known after apply)
      [32m+[0m[0m minified_json = (known after apply)

      [32m+[0m[0m statement {
          [32m+[0m[0m actions   = [
              [32m+[0m[0m "kms:*",
            ]
          [32m+[0m[0m effect    = "Allow"
          [32m+[0m[0m resources = [
              [32m+[0m[0m "*",
            ]
          [32m+[0m[0m sid       = "Enable IAM User Permissions"

          [32m+[0m[0m principals {
              [32m+[0m[0m identifiers = [
                  [32m+[0m[0m (known after apply),
                ]
              [32m+[0m[0m type        = "AWS"
            }
        }
      [32m+[0m[0m statement {
          [32m+[0m[0m actions   = [
              [32m+[0m[0m "kms:CancelKeyDeletion",
              [32m+[0m[0m "kms:Create*",
              [32m+[0m[0m "kms:Delete*",
              [32m+[0m[0m "kms:Describe*",
              [32m+[0m[0m "kms:Disable*",
              [32m+[0m[0m "kms:Enable*",
              [32m+[0m[0m "kms:Get*",
              [32m+[0m[0m "kms:List*",
              [32m+[0m[0m "kms:Put*",
              [32m+[0m[0m "kms:Revoke*",
              [32m+[0m[0m "kms:ScheduleKeyDeletion",
              [32m+[0m[0m "kms:Update*",
            ]
          [32m+[0m[0m effect    = "Allow"
          [32m+[0m[0m resources = [
              [32m+[0m[0m "*",
            ]
          [32m+[0m[0m sid       = "Allow administration of the key"

          [32m+[0m[0m condition {
              [32m+[0m[0m test     = "StringEquals"
              [32m+[0m[0m values   = [
                  [32m+[0m[0m "AROATZHWTKMSLKF3BPZWU",
                  [32m+[0m[0m "AROATZHWTKMSLKF3BPZWU:*",
                ]
              [32m+[0m[0m variable = "aws:userId"
            }

          [32m+[0m[0m principals {
              [32m+[0m[0m identifiers = [
                  [32m+[0m[0m "*",
                ]
              [32m+[0m[0m type        = "AWS"
            }
        }
      [32m+[0m[0m statement {
          [32m+[0m[0m actions   = [
              [32m+[0m[0m "kms:Decrypt",
              [32m+[0m[0m "kms:DescribeKey",
              [32m+[0m[0m "kms:Encrypt",
              [32m+[0m[0m "kms:GenerateDataKey",
              [32m+[0m[0m "kms:GenerateDataKeyWithoutPlaintext",
              [32m+[0m[0m "kms:ReEncrypt*",
            ]
          [32m+[0m[0m effect    = "Allow"
          [32m+[0m[0m resources = [
              [32m+[0m[0m "*",
            ]
          [32m+[0m[0m sid       = "Allow use of the key"

          [32m+[0m[0m condition {
              [32m+[0m[0m test     = "StringLike"
              [32m+[0m[0m values   = [
                  [32m+[0m[0m "AROATZHWTKMSLKF3BPZWU",
                  [32m+[0m[0m "AROATZHWTKMSLKF3BPZWU:*",
                  [32m+[0m[0m "AROATZHWTKMSPZP36F244",
                  [32m+[0m[0m "AROATZHWTKMSPZP36F244:*",
                ]
              [32m+[0m[0m variable = "aws:userId"
            }

          [32m+[0m[0m principals {
              [32m+[0m[0m identifiers = [
                  [32m+[0m[0m "*",
                ]
              [32m+[0m[0m type        = "AWS"
            }
        }
    }

[1m  # module.fcs_account_onboarding.module.dspm_environments[0].data.aws_region.current[0m will be read during apply
  # (depends on a resource or a module with changes pending)
[0m [36m<=[0m[0m data "aws_region" "current" {
      [32m+[0m[0m description = (known after apply)
      [32m+[0m[0m endpoint    = (known after apply)
      [32m+[0m[0m id          = (known after apply)
      [32m+[0m[0m name        = (known after apply)
      [32m+[0m[0m region      = (known after apply)
    }

[1m  # module.fcs_account_onboarding.module.dspm_environments[0].aws_iam_role_policy.vpc_policy[0m will be [1m[31mdestroyed[0m
  # (because aws_iam_role_policy.vpc_policy is not in configuration)
[0m  [31m-[0m[0m resource "aws_iam_role_policy" "vpc_policy" {
      [31m-[0m[0m id     = "cs-dspm-integration-cspm:RunDataScanner-us-east-1-vpc-0bb20fec929008927" [90m-> null[0m[0m
      [31m-[0m[0m name   = "RunDataScanner-us-east-1-vpc-0bb20fec929008927" [90m-> null[0m[0m
      [31m-[0m[0m policy = jsonencode(
            {
              [31m-[0m[0m Statement = [
                  [31m-[0m[0m {
                      [31m-[0m[0m Action    = [
                          [31m-[0m[0m "ec2:RunInstances",
                        ]
                      [31m-[0m[0m Condition = {
                          [31m-[0m[0m StringEquals = {
                              [31m-[0m[0m "ec2:Vpc" = "arn:aws:ec2:us-east-1:260362687268:vpc/vpc-0bb20fec929008927"
                            }
                        }
                      [31m-[0m[0m Effect    = "Allow"
                      [31m-[0m[0m Resource  = [
                          [31m-[0m[0m "arn:aws:ec2:*:260362687268:security-group/*",
                          [31m-[0m[0m "arn:aws:ec2:*:260362687268:subnet/*",
                        ]
                      [31m-[0m[0m Sid       = "AllowRunInstances"
                    },
                ]
              [31m-[0m[0m Version   = "2012-10-17"
            }
        ) [90m-> null[0m[0m
      [31m-[0m[0m role   = "cs-dspm-integration-cspm" [90m-> null[0m[0m
    }

[1m  # module.fcs_account_onboarding.module.dspm_environments[0].aws_kms_key.crowdstrike_kms_key[0m will be updated in-place
[0m  [33m~[0m[0m resource "aws_kms_key" "crowdstrike_kms_key" {
        id                                 = "e8242bdf-b983-43cc-933f-5a3aa65a2888"
      [33m~[0m[0m policy                             = jsonencode(
            {
              [31m-[0m[0m Statement = [
                  [31m-[0m[0m {
                      [31m-[0m[0m Action    = "kms:*"
                      [31m-[0m[0m Effect    = "Allow"
                      [31m-[0m[0m Principal = {
                          [31m-[0m[0m AWS = "arn:aws:iam::260362687268:root"
                        }
                      [31m-[0m[0m Resource  = "*"
                      [31m-[0m[0m Sid       = "Enable IAM User Permissions"
                    },
                  [31m-[0m[0m {
                      [31m-[0m[0m Action    = [
                          [31m-[0m[0m "kms:Update*",
                          [31m-[0m[0m "kms:ScheduleKeyDeletion",
                          [31m-[0m[0m "kms:Revoke*",
                          [31m-[0m[0m "kms:Put*",
                          [31m-[0m[0m "kms:List*",
                          [31m-[0m[0m "kms:Get*",
                          [31m-[0m[0m "kms:Enable*",
                          [31m-[0m[0m "kms:Disable*",
                          [31m-[0m[0m "kms:Describe*",
                          [31m-[0m[0m "kms:Delete*",
                          [31m-[0m[0m "kms:Create*",
                          [31m-[0m[0m "kms:CancelKeyDeletion",
                        ]
                      [31m-[0m[0m Condition = {
                          [31m-[0m[0m StringEquals = {
                              [31m-[0m[0m "aws:userId" = [
                                  [31m-[0m[0m "AROATZHWTKMSLKF3BPZWU",
                                  [31m-[0m[0m "AROATZHWTKMSLKF3BPZWU:*",
                                ]
                            }
                        }
                      [31m-[0m[0m Effect    = "Allow"
                      [31m-[0m[0m Principal = {
                          [31m-[0m[0m AWS = "*"
                        }
                      [31m-[0m[0m Resource  = "*"
                      [31m-[0m[0m Sid       = "Allow administration of the key"
                    },
                  [31m-[0m[0m {
                      [31m-[0m[0m Action    = [
                          [31m-[0m[0m "kms:ReEncrypt*",
                          [31m-[0m[0m "kms:GenerateDataKeyWithoutPlaintext",
                          [31m-[0m[0m "kms:GenerateDataKey",
                          [31m-[0m[0m "kms:Encrypt",
                          [31m-[0m[0m "kms:DescribeKey",
                          [31m-[0m[0m "kms:Decrypt",
                        ]
                      [31m-[0m[0m Condition = {
                          [31m-[0m[0m StringLike = {
                              [31m-[0m[0m "aws:userId" = [
                                  [31m-[0m[0m "AROATZHWTKMSLKF3BPZWU",
                                  [31m-[0m[0m "AROATZHWTKMSLKF3BPZWU:*",
                                  [31m-[0m[0m "AROATZHWTKMSPZP36F244",
                                  [31m-[0m[0m "AROATZHWTKMSPZP36F244:*",
                                ]
                            }
                        }
                      [31m-[0m[0m Effect    = "Allow"
                      [31m-[0m[0m Principal = {
                          [31m-[0m[0m AWS = "*"
                        }
                      [31m-[0m[0m Resource  = "*"
                      [31m-[0m[0m Sid       = "Allow use of the key"
                    },
                ]
              [31m-[0m[0m Version   = "2012-10-17"
            }
        ) -> (known after apply)
        tags                               = {
            "CrowdStrikeLogicalId" = "KMSKey"
            "DeployedBy"           = "unspecified"
            "Product"              = "FalconCloudSecurity"
            "ProvisionedBy"        = "CrowdStrike"
        }
        [90m# (13 unchanged attributes hidden)[0m[0m
    }

[1m  # module.fcs_account_onboarding.module.dspm_environments[0].aws_network_acl.network_acl[0m will be created
[0m  [32m+[0m[0m resource "aws_network_acl" "network_acl" {
      [32m+[0m[0m arn        = (known after apply)
      [32m+[0m[0m egress     = (known after apply)
      [32m+[0m[0m id         = (known after apply)
      [32m+[0m[0m ingress    = (known after apply)
      [32m+[0m[0m owner_id   = (known after apply)
      [32m+[0m[0m region     = "us-east-1"
      [32m+[0m[0m subnet_ids = (known after apply)
      [32m+[0m[0m tags       = {
          [32m+[0m[0m "Name"          = "dspm-environment-NACL"
          [32m+[0m[0m "ProvisionedBy" = "CrowdStrike"
        }
      [32m+[0m[0m tags_all   = {
          [32m+[0m[0m "Name"          = "dspm-environment-NACL"
          [32m+[0m[0m "ProvisionedBy" = "CrowdStrike"
        }
      [32m+[0m[0m vpc_id     = "vpc-0bb20fec929008927"
    }

[1m  # module.fcs_account_onboarding.module.dspm_environments[0].aws_network_acl_association.db_subnet_a_nacl_association[0m will be created
[0m  [32m+[0m[0m resource "aws_network_acl_association" "db_subnet_a_nacl_association" {
      [32m+[0m[0m id             = (known after apply)
      [32m+[0m[0m network_acl_id = (known after apply)
      [32m+[0m[0m region         = "us-east-1"
      [32m+[0m[0m subnet_id      = "subnet-07ab21d991cb5e8be"
    }

[1m  # module.fcs_account_onboarding.module.dspm_environments[0].aws_network_acl_association.db_subnet_b_nacl_association[0m will be created
[0m  [32m+[0m[0m resource "aws_network_acl_association" "db_subnet_b_nacl_association" {
      [32m+[0m[0m id             = (known after apply)
      [32m+[0m[0m network_acl_id = (known after apply)
      [32m+[0m[0m region         = "us-east-1"
      [32m+[0m[0m subnet_id      = "subnet-08085d9446ec3740e"
    }

[1m  # module.fcs_account_onboarding.module.dspm_environments[0].aws_network_acl_association.private_subnet_nacl_association[0m will be created
[0m  [32m+[0m[0m resource "aws_network_acl_association" "private_subnet_nacl_association" {
      [32m+[0m[0m id             = (known after apply)
      [32m+[0m[0m network_acl_id = (known after apply)
      [32m+[0m[0m region         = "us-east-1"
      [32m+[0m[0m subnet_id      = "subnet-0d702d27eb5ec3dfa"
    }

[1m  # module.fcs_account_onboarding.module.dspm_environments[0].aws_network_acl_association.public_subnet_nacl_association[0m will be created
[0m  [32m+[0m[0m resource "aws_network_acl_association" "public_subnet_nacl_association" {
      [32m+[0m[0m id             = (known after apply)
      [32m+[0m[0m network_acl_id = (known after apply)
      [32m+[0m[0m region         = "us-east-1"
      [32m+[0m[0m subnet_id      = "subnet-00897f4d9c2d0bd73"
    }

[1m  # module.fcs_account_onboarding.module.dspm_environments[0].aws_network_acl_rule.inbound_a[0m will be created
[0m  [32m+[0m[0m resource "aws_network_acl_rule" "inbound_a" {
      [32m+[0m[0m cidr_block     = "0.0.0.0/1"
      [32m+[0m[0m egress         = false
      [32m+[0m[0m id             = (known after apply)
      [32m+[0m[0m network_acl_id = (known after apply)
      [32m+[0m[0m protocol       = "-1"
      [32m+[0m[0m region         = "us-east-1"
      [32m+[0m[0m rule_action    = "allow"
      [32m+[0m[0m rule_number    = 100
    }

[1m  # module.fcs_account_onboarding.module.dspm_environments[0].aws_network_acl_rule.inbound_b[0m will be created
[0m  [32m+[0m[0m resource "aws_network_acl_rule" "inbound_b" {
      [32m+[0m[0m cidr_block     = "128.0.0.0/1"
      [32m+[0m[0m egress         = false
      [32m+[0m[0m id             = (known after apply)
      [32m+[0m[0m network_acl_id = (known after apply)
      [32m+[0m[0m protocol       = "-1"
      [32m+[0m[0m region         = "us-east-1"
      [32m+[0m[0m rule_action    = "allow"
      [32m+[0m[0m rule_number    = 110
    }

[1m  # module.fcs_account_onboarding.module.dspm_environments[0].aws_network_acl_rule.outbound[0m will be created
[0m  [32m+[0m[0m resource "aws_network_acl_rule" "outbound" {
      [32m+[0m[0m cidr_block     = "0.0.0.0/0"
      [32m+[0m[0m egress         = true
      [32m+[0m[0m id             = (known after apply)
      [32m+[0m[0m network_acl_id = (known after apply)
      [32m+[0m[0m protocol       = "-1"
      [32m+[0m[0m region         = "us-east-1"
      [32m+[0m[0m rule_action    = "allow"
      [32m+[0m[0m rule_number    = 100
    }

[1m  # module.fcs_account_onboarding.module.dspm_roles[0].aws_iam_role_policy.crowdstrike_cloud_scan_supplemental[0m will be updated in-place
[0m  [33m~[0m[0m resource "aws_iam_role_policy" "crowdstrike_cloud_scan_supplemental" {
        id     = "cs-dspm-integration-cspm:CrowdStrikeCloudScanSupplemental"
        name   = "CrowdStrikeCloudScanSupplemental"
      [33m~[0m[0m policy = jsonencode(
          [33m~[0m[0m {
              [33m~[0m[0m Statement = [
                  [33m~[0m[0m {
                      [33m~[0m[0m Action   = [
                            [90m# (10 unchanged elements hidden)[0m[0m
                            "ec2:GetConsoleOutput",
                          [32m+[0m[0m "ec2:Describe*",
                            "cloudwatch:ListMetrics",
                            [90m# (3 unchanged elements hidden)[0m[0m
                        ]
                        [90m# (3 unchanged attributes hidden)[0m[0m
                    },
                ]
                [90m# (1 unchanged attribute hidden)[0m[0m
            }
        )
        [90m# (1 unchanged attribute hidden)[0m[0m
    }

[1m  # module.fcs_account_onboarding.module.dspm_roles[0].aws_iam_role_policy.crowdstrike_run_data_scanner_restricted[0m will be updated in-place
[0m  [33m~[0m[0m resource "aws_iam_role_policy" "crowdstrike_run_data_scanner_restricted" {
        id     = "cs-dspm-integration-cspm:CrowdStrikeRunDataScannerRestricted"
        name   = "CrowdStrikeRunDataScannerRestricted"
      [33m~[0m[0m policy = jsonencode(
          [33m~[0m[0m {
              [33m~[0m[0m Statement = [
                    [90m# (2 unchanged elements hidden)[0m[0m
                    {
                        Action    = "ec2:RunInstances"
                        Condition = {
                            StringEquals = {
                                "aws:RequestTag/ProvisionedBy" = "CrowdStrike"
                            }
                        }
                        Effect    = "Allow"
                        Resource  = [
                            "arn:aws:ec2:*:260362687268:volume/*",
                            "arn:aws:ec2:*:260362687268:instance/*",
                        ]
                        Sid       = "AllowRunInstancesWithRestrictions"
                    },
                  [32m+[0m[0m {
                      [32m+[0m[0m Action    = "ec2:RunInstances"
                      [32m+[0m[0m Condition = {
                          [32m+[0m[0m StringEquals = {
                              [32m+[0m[0m "ec2:ResourceTag/ProvisionedBy" = "CrowdStrike"
                            }
                        }
                      [32m+[0m[0m Effect    = "Allow"
                      [32m+[0m[0m Resource  = [
                          [32m+[0m[0m "arn:aws:ec2:*:260362687268:subnet/*",
                          [32m+[0m[0m "arn:aws:ec2:*:260362687268:security-group/*",
                        ]
                      [32m+[0m[0m Sid       = "AllowRunInstances"
                    },
                    {
                        Action    = "ec2:CreateTags"
                        Condition = {
                            StringEquals = {
                                "aws:RequestTag/ProvisionedBy" = "CrowdStrike"
                                "ec2:CreateAction"             = "RunInstances"
                            }
                        }
                        Effect    = "Allow"
                        Resource  = [
                            "arn:aws:ec2:*:260362687268:volume/*",
                            "arn:aws:ec2:*:260362687268:instance/*",
                        ]
                        Sid       = "AllowCreateTagsOnlyLaunching"
                    },
                    [90m# (2 unchanged elements hidden)[0m[0m
                ]
                [90m# (1 unchanged attribute hidden)[0m[0m
            }
        )
        [90m# (1 unchanged attribute hidden)[0m[0m
    }

[1m  # module.fcs_account_us_east_2.module.dspm_environments[0].aws_iam_role_policy.vpc_policy[0m will be [1m[31mdestroyed[0m
  # (because aws_iam_role_policy.vpc_policy is not in configuration)
[0m  [31m-[0m[0m resource "aws_iam_role_policy" "vpc_policy" {
      [31m-[0m[0m id     = "cs-dspm-integration-cspm:RunDataScanner-us-east-2-vpc-0fd288e1767b49aab" [90m-> null[0m[0m
      [31m-[0m[0m name   = "RunDataScanner-us-east-2-vpc-0fd288e1767b49aab" [90m-> null[0m[0m
      [31m-[0m[0m policy = jsonencode(
            {
              [31m-[0m[0m Statement = [
                  [31m-[0m[0m {
                      [31m-[0m[0m Action    = [
                          [31m-[0m[0m "ec2:RunInstances",
                        ]
                      [31m-[0m[0m Condition = {
                          [31m-[0m[0m StringEquals = {
                              [31m-[0m[0m "ec2:Vpc" = "arn:aws:ec2:us-east-2:260362687268:vpc/vpc-0fd288e1767b49aab"
                            }
                        }
                      [31m-[0m[0m Effect    = "Allow"
                      [31m-[0m[0m Resource  = [
                          [31m-[0m[0m "arn:aws:ec2:*:260362687268:security-group/*",
                          [31m-[0m[0m "arn:aws:ec2:*:260362687268:subnet/*",
                        ]
                      [31m-[0m[0m Sid       = "AllowRunInstances"
                    },
                ]
              [31m-[0m[0m Version   = "2012-10-17"
            }
        ) [90m-> null[0m[0m
      [31m-[0m[0m role   = "cs-dspm-integration-cspm" [90m-> null[0m[0m
    }

[1m  # module.fcs_account_us_east_2.module.dspm_environments[0].aws_network_acl.network_acl[0m will be created
[0m  [32m+[0m[0m resource "aws_network_acl" "network_acl" {
      [32m+[0m[0m arn        = (known after apply)
      [32m+[0m[0m egress     = (known after apply)
      [32m+[0m[0m id         = (known after apply)
      [32m+[0m[0m ingress    = (known after apply)
      [32m+[0m[0m owner_id   = (known after apply)
      [32m+[0m[0m region     = "us-east-2"
      [32m+[0m[0m subnet_ids = (known after apply)
      [32m+[0m[0m tags       = {
          [32m+[0m[0m "Name"          = "dspm-environment-NACL"
          [32m+[0m[0m "ProvisionedBy" = "CrowdStrike"
        }
      [32m+[0m[0m tags_all   = {
          [32m+[0m[0m "Name"          = "dspm-environment-NACL"
          [32m+[0m[0m "ProvisionedBy" = "CrowdStrike"
        }
      [32m+[0m[0m vpc_id     = "vpc-0fd288e1767b49aab"
    }

[1m  # module.fcs_account_us_east_2.module.dspm_environments[0].aws_network_acl_association.db_subnet_a_nacl_association[0m will be created
[0m  [32m+[0m[0m resource "aws_network_acl_association" "db_subnet_a_nacl_association" {
      [32m+[0m[0m id             = (known after apply)
      [32m+[0m[0m network_acl_id = (known after apply)
      [32m+[0m[0m region         = "us-east-2"
      [32m+[0m[0m subnet_id      = "subnet-035d3b458a077485b"
    }

[1m  # module.fcs_account_us_east_2.module.dspm_environments[0].aws_network_acl_association.db_subnet_b_nacl_association[0m will be created
[0m  [32m+[0m[0m resource "aws_network_acl_association" "db_subnet_b_nacl_association" {
      [32m+[0m[0m id             = (known after apply)
      [32m+[0m[0m network_acl_id = (known after apply)
      [32m+[0m[0m region         = "us-east-2"
      [32m+[0m[0m subnet_id      = "subnet-0bd72cb1c38e24f7d"
    }

[1m  # module.fcs_account_us_east_2.module.dspm_environments[0].aws_network_acl_association.private_subnet_nacl_association[0m will be created
[0m  [32m+[0m[0m resource "aws_network_acl_association" "private_subnet_nacl_association" {
      [32m+[0m[0m id             = (known after apply)
      [32m+[0m[0m network_acl_id = (known after apply)
      [32m+[0m[0m region         = "us-east-2"
      [32m+[0m[0m subnet_id      = "subnet-0ab57035b3253609a"
    }

[1m  # module.fcs_account_us_east_2.module.dspm_environments[0].aws_network_acl_association.public_subnet_nacl_association[0m will be created
[0m  [32m+[0m[0m resource "aws_network_acl_association" "public_subnet_nacl_association" {
      [32m+[0m[0m id             = (known after apply)
      [32m+[0m[0m network_acl_id = (known after apply)
      [32m+[0m[0m region         = "us-east-2"
      [32m+[0m[0m subnet_id      = "subnet-0d8f2bfe59ce1f87d"
    }

[1m  # module.fcs_account_us_east_2.module.dspm_environments[0].aws_network_acl_rule.inbound_a[0m will be created
[0m  [32m+[0m[0m resource "aws_network_acl_rule" "inbound_a" {
      [32m+[0m[0m cidr_block     = "0.0.0.0/1"
      [32m+[0m[0m egress         = false
      [32m+[0m[0m id             = (known after apply)
      [32m+[0m[0m network_acl_id = (known after apply)
      [32m+[0m[0m protocol       = "-1"
      [32m+[0m[0m region         = "us-east-2"
      [32m+[0m[0m rule_action    = "allow"
      [32m+[0m[0m rule_number    = 100
    }

[1m  # module.fcs_account_us_east_2.module.dspm_environments[0].aws_network_acl_rule.inbound_b[0m will be created
[0m  [32m+[0m[0m resource "aws_network_acl_rule" "inbound_b" {
      [32m+[0m[0m cidr_block     = "128.0.0.0/1"
      [32m+[0m[0m egress         = false
      [32m+[0m[0m id             = (known after apply)
      [32m+[0m[0m network_acl_id = (known after apply)
      [32m+[0m[0m protocol       = "-1"
      [32m+[0m[0m region         = "us-east-2"
      [32m+[0m[0m rule_action    = "allow"
      [32m+[0m[0m rule_number    = 110
    }

[1m  # module.fcs_account_us_east_2.module.dspm_environments[0].aws_network_acl_rule.outbound[0m will be created
[0m  [32m+[0m[0m resource "aws_network_acl_rule" "outbound" {
      [32m+[0m[0m cidr_block     = "0.0.0.0/0"
      [32m+[0m[0m egress         = true
      [32m+[0m[0m id             = (known after apply)
      [32m+[0m[0m network_acl_id = (known after apply)
      [32m+[0m[0m protocol       = "-1"
      [32m+[0m[0m region         = "us-east-2"
      [32m+[0m[0m rule_action    = "allow"
      [32m+[0m[0m rule_number    = 100
    }

[1mPlan:[0m 16 to add, 3 to change, 2 to destroy.
[0m[33m╷[0m[0m
[33m│[0m [0m[1m[33mWarning: [0m[0m[1mValue for undeclared variable[0m
[33m│[0m [0m
[33m│[0m [0m[0mThe root module does not declare a variable named "primary_region" but a value was found in file "terraform.tfvars". If you meant to use this value, add a "variable" block to the configuration.
[33m│[0m [0m
[33m│[0m [0mTo silence these warnings, use TF_VAR_... environment variables to provide certain "global" settings to all configurations in your organization. To reduce the verbosity of these warnings, use the
[33m│[0m [0m-compact-warnings option.
[33m╵[0m[0m
[33m╷[0m[0m
[33m│[0m [0m[1m[33mWarning: [0m[0m[1mValue for undeclared variable[0m
[33m│[0m [0m
[33m│[0m [0m[0mThe root module does not declare a variable named "is_gov" but a value was found in file "terraform.tfvars". If you meant to use this value, add a "variable" block to the configuration.
[33m│[0m [0m
[33m│[0m [0mTo silence these warnings, use TF_VAR_... environment variables to provide certain "global" settings to all configurations in your organization. To reduce the verbosity of these warnings, use the
[33m│[0m [0m-compact-warnings option.
[33m╵[0m[0m
[33m╷[0m[0m
[33m│[0m [0m[1m[33mWarning: [0m[0m[1mDeprecated attribute[0m
[33m│[0m [0m
[33m│[0m [0m[0m  on ../../main.tf line 9, in locals:
[33m│[0m [0m   9:   aws_region        = data.aws_region.current[4m.name[0m[0m
[33m│[0m [0m
[33m│[0m [0mThe attribute "name" is deprecated. Refer to the provider documentation for details.
[33m│[0m [0m
[33m│[0m [0m(and 26 more similar warnings elsewhere)
[33m╵[0m[0m
[90m
─────────────────────────────────────────────────────────────────────────────[0m

Note: You didn't use the -out option to save this plan, so Terraform can't
guarantee to take exactly these actions if you run "terraform apply" now.
